
Microsoft Visual Studio Solution File, Format Version 12.00
# Visual Studio Version 16
VisualStudioVersion = 25.0.1705.5
MinimumVisualStudioVersion = 10.0.40219.1
Project("{FAE04EC0-301F-11D3-BF4B-00C04F79EFBC}") = "MorseCodeDotNet.xUnit", "MorseCodeDotNet.xUnit\MorseCodeDotNet.xUnit.csproj", "{2808939C-29F9-4D53-9F37-1B93E5C9EB48}"
EndProject
Project("{FAE04EC0-301F-11D3-BF4B-00C04F79EFBC}") = "MorseCodeDotNet.Library", "MorseCodeDotNet.Library\MorseCodeDotNet.Library.csproj", "{23766376-27A3-40A2-AF88-14EB73D053A5}"
EndProject
Project("{2150E333-8FDC-42A3-9474-1A3956D46DE8}") = "Solution Items", "Solution Items", "{6A41EB53-E3F3-490F-8089-0BBBC3F026D9}"
	ProjectSection(SolutionItems) = preProject
		README.md = README.md
	EndProjectSection
EndProject
Global
	GlobalSection(SolutionConfigurationPlatforms) = preSolution
		Debug|Any CPU = Debug|Any CPU
		Release|Any CPU = Release|Any CPU
	EndGlobalSection
	GlobalSection(ProjectConfigurationPlatforms) = postSolution
		{2808939C-29F9-4D53-9F37-1B93E5C9EB48}.Debug|Any CPU.ActiveCfg = Debug|Any CPU
		{2808939C-29F9-4D53-9F37-1B93E5C9EB48}.Debug|Any CPU.Build.0 = Debug|Any CPU
		{2808939C-29F9-4D53-9F37-1B93E5C9EB48}.Release|Any CPU.ActiveCfg = Release|Any CPU
		{2808939C-29F9-4D53-9F37-1B93E5C9EB48}.Release|Any CPU.Build.0 = Release|Any CPU
		{23766376-27A3-40A2-AF88-14EB73D053A5}.Debug|Any CPU.ActiveCfg = Debug|Any CPU
		{23766376-27A3-40A2-AF88-14EB73D053A5}.Debug|Any CPU.Build.0 = Debug|Any CPU
		{23766376-27A3-40A2-AF88-14EB73D053A5}.Release|Any CPU.ActiveCfg = Release|Any CPU
		{23766376-27A3-40A2-AF88-14EB73D053A5}.Release|Any CPU.Build.0 = Release|Any CPU
	EndGlobalSection
	GlobalSection(SolutionProperties) = preSolution
		HideSolutionNode = FALSE
	EndGlobalSection
	GlobalSection(ExtensibilityGlobals) = postSolution
		SolutionGuid = {154C3DBC-9FB5-40E8-9F9E-8198F6F59366}
	EndGlobalSection
EndGlobal
